
Microsoft Visual Studio Solution File, Format Version 12.00
# Visual Studio Version 17
VisualStudioVersion = 17.9.34701.34
MinimumVisualStudioVersion = 10.0.40219.1
Project("{9A19103F-16F7-4668-BE54-9A1E7A4F7556}") = "ConsoleApp-Matrix", "ConsoleApp-Matrix.csproj", "{D999BEDC-74D6-4C22-B568-970C57319DB7}"
EndProject
Project("{FAE04EC0-301F-11D3-BF4B-00C04F79EFBC}") = "FormPicture", "..\FormPicture\FormPicture.csproj", "{4E76FC7D-952E-4987-96F1-A52ECDBD8877}"
EndProject
Global
	GlobalSection(SolutionConfigurationPlatforms) = preSolution
		Debug|Any CPU = Debug|Any CPU
		Release|Any CPU = Release|Any CPU
	EndGlobalSection
	GlobalSection(ProjectConfigurationPlatforms) = postSolution
		{D999BEDC-74D6-4C22-B568-970C57319DB7}.Debug|Any CPU.ActiveCfg = Debug|Any CPU
		{D999BEDC-74D6-4C22-B568-970C57319DB7}.Debug|Any CPU.Build.0 = Debug|Any CPU
		{D999BEDC-74D6-4C22-B568-970C57319DB7}.Release|Any CPU.ActiveCfg = Release|Any CPU
		{D999BEDC-74D6-4C22-B568-970C57319DB7}.Release|Any CPU.Build.0 = Release|Any CPU
		{4E76FC7D-952E-4987-96F1-A52ECDBD8877}.Debug|Any CPU.ActiveCfg = Debug|Any CPU
		{4E76FC7D-952E-4987-96F1-A52ECDBD8877}.Debug|Any CPU.Build.0 = Debug|Any CPU
		{4E76FC7D-952E-4987-96F1-A52ECDBD8877}.Release|Any CPU.ActiveCfg = Release|Any CPU
		{4E76FC7D-952E-4987-96F1-A52ECDBD8877}.Release|Any CPU.Build.0 = Release|Any CPU
	EndGlobalSection
	GlobalSection(SolutionProperties) = preSolution
		HideSolutionNode = FALSE
	EndGlobalSection
	GlobalSection(ExtensibilityGlobals) = postSolution
		SolutionGuid = {E506F84A-A099-4C88-AD7D-6FB15B4FA702}
	EndGlobalSection
EndGlobal
